<?xml version="1.0" encoding="utf-8"?>
<Project ToolsVersion="4.0" xmlns="http://schemas.microsoft.com/developer/msbuild/2003">
  <ItemGroup>
    <Text Include="TODO.txt" />
  </ItemGroup>
  <ItemGroup>
    <Filter Include="Source">
      <UniqueIdentifier>{45ec64c1-0694-4934-9dc8-cc7745660203}</UniqueIdentifier>
    </Filter>
    <Filter Include="Source\Logger">
      <UniqueIdentifier>{92a1a491-0092-49e0-a4b3-4c323b9de3b4}</UniqueIdentifier>
    </Filter>
    <Filter Include="Source\Graphics">
      <UniqueIdentifier>{22e9fbdb-dc80-4b36-9481-de707412e2ef}</UniqueIdentifier>
    </Filter>
    <Filter Include="Source\Framework">
      <UniqueIdentifier>{83d6ce26-285b-44db-a2fc-05f491e6c214}</UniqueIdentifier>
    </Filter>
    <Filter Include="Testing">
      <UniqueIdentifier>{26a77774-d93b-407e-8582-42f21bb38540}</UniqueIdentifier>
    </Filter>
    <Filter Include="Source\AppLayer">
      <UniqueIdentifier>{eac5809a-4c8b-415e-a114-b138c01bdde0}</UniqueIdentifier>
    </Filter>
    <Filter Include="Source\Utils">
      <UniqueIdentifier>{59746baf-b482-45e3-874a-1f9b2f7f4b26}</UniqueIdentifier>
    </Filter>
    <Filter Include="Source\Framework\SdlFramework">
      <UniqueIdentifier>{f6c1e5b8-b4e7-4942-a724-ee85b9b38a15}</UniqueIdentifier>
    </Filter>
    <Filter Include="Source\AppMsg">
      <UniqueIdentifier>{c1cbecb8-ca83-4643-8aa8-cf6c3c8a5ea1}</UniqueIdentifier>
    </Filter>
    <Filter Include="Source\Input">
      <UniqueIdentifier>{ae6724ec-bd83-4d80-99d1-40905a60ab89}</UniqueIdentifier>
    </Filter>
    <Filter Include="Source\Events">
      <UniqueIdentifier>{d11c5042-a5ce-4274-a74c-5a658a70a39e}</UniqueIdentifier>
    </Filter>
  </ItemGroup>
  <ItemGroup>
    <ClInclude Include="src\ZeroEngine.h">
      <Filter>Source</Filter>
    </ClInclude>
    <ClInclude Include="src\ZeroEngineStd.h">
      <Filter>Source</Filter>
    </ClInclude>
    <ClInclude Include="src\Logger\BaseLogger.h">
      <Filter>Source\Logger</Filter>
    </ClInclude>
    <ClInclude Include="src\Logger\ILoggable.h">
      <Filter>Source\Logger</Filter>
    </ClInclude>
    <ClInclude Include="src\Logger\ILogger.h">
      <Filter>Source\Logger</Filter>
    </ClInclude>
    <ClInclude Include="src\Logger\Logger.h">
      <Filter>Source\Logger</Filter>
    </ClInclude>
    <ClInclude Include="src\Graphics\Rect.h">
      <Filter>Source\Graphics</Filter>
    </ClInclude>
    <ClInclude Include="src\Graphics\Graphics.h">
      <Filter>Source\Graphics</Filter>
    </ClInclude>
    <ClInclude Include="src\Graphics\Point.h">
      <Filter>Source\Graphics</Filter>
    </ClInclude>
    <ClInclude Include="src\Framework\IRenderer.h">
      <Filter>Source\Framework</Filter>
    </ClInclude>
    <ClInclude Include="src\Framework\IWindow.h">
      <Filter>Source\Framework</Filter>
    </ClInclude>
    <ClInclude Include="src\AppLayer\ZeroEngineApp.h">
      <Filter>Source\AppLayer</Filter>
    </ClInclude>
    <ClInclude Include="src\Framework\Framework.h">
      <Filter>Source\Framework</Filter>
    </ClInclude>
    <ClInclude Include="src\Framework\AFramework.h">
      <Filter>Source\Framework</Filter>
    </ClInclude>
    <ClInclude Include="src\IZeroObject.h">
      <Filter>Source</Filter>
    </ClInclude>
    <ClInclude Include="src\Time.h">
      <Filter>Source</Filter>
    </ClInclude>
    <ClInclude Include="test\TestApp.h">
      <Filter>Testing</Filter>
    </ClInclude>
    <ClInclude Include="src\Utils\MemoryPool.h">
      <Filter>Source\Utils</Filter>
    </ClInclude>
    <ClInclude Include="src\AppLayer\GameOptions.h">
      <Filter>Source\AppLayer</Filter>
    </ClInclude>
    <ClInclude Include="src\AppLayer\AppLayer.h">
      <Filter>Source\AppLayer</Filter>
    </ClInclude>
    <ClInclude Include="src\Framework\SdlFramework\SdlFramework.h">
      <Filter>Source\Framework\SdlFramework</Filter>
    </ClInclude>
    <ClInclude Include="src\AppMsg\AppMsgArgs.h">
      <Filter>Source\AppMsg</Filter>
    </ClInclude>
    <ClInclude Include="src\AppMsg\AppMsgFactory.h">
      <Filter>Source\AppMsg</Filter>
    </ClInclude>
    <ClInclude Include="src\AppMsg\AppMsg.h">
      <Filter>Source\AppMsg</Filter>
    </ClInclude>
    <ClInclude Include="src\Framework\IMsgTranslator.h">
      <Filter>Source\Framework</Filter>
    </ClInclude>
    <ClInclude Include="src\Framework\SdlFramework\SdlMsgTranslator.h">
      <Filter>Source\Framework\SdlFramework</Filter>
    </ClInclude>
    <ClInclude Include="src\Input\Keys.h">
      <Filter>Source\Input</Filter>
    </ClInclude>
    <ClInclude Include="src\Input\Keyboard.h">
      <Filter>Source\Input</Filter>
    </ClInclude>
    <ClInclude Include="src\Input\Mouse.h">
      <Filter>Source\Input</Filter>
    </ClInclude>
    <ClInclude Include="src\Events\EventManager.h">
      <Filter>Source\Events</Filter>
    </ClInclude>
    <ClInclude Include="src\Events\EventListener.h">
      <Filter>Source\Events</Filter>
    </ClInclude>
    <ClInclude Include="src\Events\EventData.h">
      <Filter>Source\Events</Filter>
    </ClInclude>
    <ClInclude Include="src\Events\EventType.h">
      <Filter>Source\Events</Filter>
    </ClInclude>
  </ItemGroup>
  <ItemGroup>
    <ClCompile Include="src\Logger\BaseLogger.cpp">
      <Filter>Source\Logger</Filter>
    </ClCompile>
    <ClCompile Include="src\Graphics\Rect.cpp">
      <Filter>Source\Graphics</Filter>
    </ClCompile>
    <ClCompile Include="src\Graphics\Point.cpp">
      <Filter>Source\Graphics</Filter>
    </ClCompile>
    <ClCompile Include="src\AppLayer\ZeroEngineApp.cpp">
      <Filter>Source\AppLayer</Filter>
    </ClCompile>
    <ClCompile Include="src\main.cpp">
      <Filter>Source</Filter>
    </ClCompile>
    <ClCompile Include="src\Framework\AFramework.cpp">
      <Filter>Source\Framework</Filter>
    </ClCompile>
    <ClCompile Include="test\TestApp.cpp">
      <Filter>Testing</Filter>
    </ClCompile>
    <ClCompile Include="src\Utils\MemoryPool.cpp">
      <Filter>Source\Utils</Filter>
    </ClCompile>
    <ClCompile Include="src\AppLayer\GameOptions.cpp">
      <Filter>Source\AppLayer</Filter>
    </ClCompile>
    <ClCompile Include="src\Framework\SdlFramework\SdlFramework.cpp">
      <Filter>Source\Framework\SdlFramework</Filter>
    </ClCompile>
    <ClCompile Include="src\AppMsg\AppMsgFactory.cpp">
      <Filter>Source\AppMsg</Filter>
    </ClCompile>
    <ClCompile Include="src\AppMsg\AppMsgArgs.cpp">
      <Filter>Source\AppMsg</Filter>
    </ClCompile>
    <ClCompile Include="src\AppMsg\AppMsg.cpp">
      <Filter>Source\AppMsg</Filter>
    </ClCompile>
    <ClCompile Include="src\Framework\SdlFramework\SdlMsgTranslator.cpp">
      <Filter>Source\Framework\SdlFramework</Filter>
    </ClCompile>
    <ClCompile Include="src\Input\Keys.cpp">
      <Filter>Source\Input</Filter>
    </ClCompile>
    <ClCompile Include="src\Input\Keyboard.cpp">
      <Filter>Source\Input</Filter>
    </ClCompile>
    <ClCompile Include="src\Input\Mouse.cpp">
      <Filter>Source\Input</Filter>
    </ClCompile>
    <ClCompile Include="src\Events\EventManager.cpp">
      <Filter>Source\Events</Filter>
    </ClCompile>
    <ClCompile Include="src\Events\EventListener.cpp">
      <Filter>Source\Events</Filter>
    </ClCompile>
  </ItemGroup>
</Project>